
Microsoft Visual Studio Solution File, Format Version 12.00
# Visual Studio 15
VisualStudioVersion = 15.0.27130.2027
MinimumVisualStudioVersion = 10.0.40219.1
Project("{FAE04EC0-301F-11D3-BF4B-00C04F79EFBC}") = "DragonDownloader", "DragonDownloader\DragonDownloader.csproj", "{91541620-3BA2-49FA-8987-8BBF6F329C00}"
EndProject
Project("{FAE04EC0-301F-11D3-BF4B-00C04F79EFBC}") = "Url.DragonDownloader.Test", "Url.DragonDownloader.Test\Url.DragonDownloader.Test.csproj", "{737BCF95-E114-43DF-A820-3696B7520A36}"
EndProject
Global
	GlobalSection(SolutionConfigurationPlatforms) = preSolution
		Debug|Any CPU = Debug|Any CPU
		Release|Any CPU = Release|Any CPU
	EndGlobalSection
	GlobalSection(ProjectConfigurationPlatforms) = postSolution
		{91541620-3BA2-49FA-8987-8BBF6F329C00}.Debug|Any CPU.ActiveCfg = Debug|Any CPU
		{91541620-3BA2-49FA-8987-8BBF6F329C00}.Debug|Any CPU.Build.0 = Debug|Any CPU
		{91541620-3BA2-49FA-8987-8BBF6F329C00}.Release|Any CPU.ActiveCfg = Release|Any CPU
		{91541620-3BA2-49FA-8987-8BBF6F329C00}.Release|Any CPU.Build.0 = Release|Any CPU
		{737BCF95-E114-43DF-A820-3696B7520A36}.Debug|Any CPU.ActiveCfg = Debug|Any CPU
		{737BCF95-E114-43DF-A820-3696B7520A36}.Debug|Any CPU.Build.0 = Debug|Any CPU
		{737BCF95-E114-43DF-A820-3696B7520A36}.Release|Any CPU.ActiveCfg = Release|Any CPU
		{737BCF95-E114-43DF-A820-3696B7520A36}.Release|Any CPU.Build.0 = Release|Any CPU
	EndGlobalSection
	GlobalSection(SolutionProperties) = preSolution
		HideSolutionNode = FALSE
	EndGlobalSection
	GlobalSection(ExtensibilityGlobals) = postSolution
		SolutionGuid = {BC2F6D3F-2A88-4598-B66B-ADB78B401FF4}
	EndGlobalSection
EndGlobal
